
Microsoft Visual Studio Solution File, Format Version 12.00
# Visual Studio Version 17
VisualStudioVersion = 17.8.34408.163
MinimumVisualStudioVersion = 10.0.40219.1
Project("{FAE04EC0-301F-11D3-BF4B-00C04F79EFBC}") = "Sistema-login", "Sistema-login.csproj", "{54896999-DFCE-40CE-B47A-FBFC73756E07}"
EndProject
Project("{FAE04EC0-301F-11D3-BF4B-00C04F79EFBC}") = "tela", "..\tela\tela.csproj", "{3FA2E12D-59AE-4FF1-9E32-A2B5F0CE5A58}"
EndProject
Global
	GlobalSection(SolutionConfigurationPlatforms) = preSolution
		Debug|Any CPU = Debug|Any CPU
		Release|Any CPU = Release|Any CPU
	EndGlobalSection
	GlobalSection(ProjectConfigurationPlatforms) = postSolution
		{54896999-DFCE-40CE-B47A-FBFC73756E07}.Debug|Any CPU.ActiveCfg = Debug|Any CPU
		{54896999-DFCE-40CE-B47A-FBFC73756E07}.Debug|Any CPU.Build.0 = Debug|Any CPU
		{54896999-DFCE-40CE-B47A-FBFC73756E07}.Release|Any CPU.ActiveCfg = Release|Any CPU
		{54896999-DFCE-40CE-B47A-FBFC73756E07}.Release|Any CPU.Build.0 = Release|Any CPU
		{3FA2E12D-59AE-4FF1-9E32-A2B5F0CE5A58}.Debug|Any CPU.ActiveCfg = Debug|Any CPU
		{3FA2E12D-59AE-4FF1-9E32-A2B5F0CE5A58}.Debug|Any CPU.Build.0 = Debug|Any CPU
		{3FA2E12D-59AE-4FF1-9E32-A2B5F0CE5A58}.Release|Any CPU.ActiveCfg = Release|Any CPU
		{3FA2E12D-59AE-4FF1-9E32-A2B5F0CE5A58}.Release|Any CPU.Build.0 = Release|Any CPU
	EndGlobalSection
	GlobalSection(SolutionProperties) = preSolution
		HideSolutionNode = FALSE
	EndGlobalSection
	GlobalSection(ExtensibilityGlobals) = postSolution
		SolutionGuid = {CFA6E8A6-E938-49B5-965B-2EE3B96ACFAB}
	EndGlobalSection
EndGlobal
